
Microsoft Visual Studio Solution File, Format Version 12.00
# Visual Studio 2015
Project("{FAE04EC0-301F-11D3-BF4B-00C04F79EFBC}") = "UnityLandscape", "UnityLandscape.csproj", "{C51D1D09-6DA1-4CC8-C94B-35A7C973300D}"
EndProject
Global
	GlobalSection(SolutionConfigurationPlatforms) = preSolution
		Debug|Any CPU = Debug|Any CPU
		Release|Any CPU = Release|Any CPU
	EndGlobalSection
	GlobalSection(ProjectConfigurationPlatforms) = postSolution
		{C51D1D09-6DA1-4CC8-C94B-35A7C973300D}.Debug|Any CPU.ActiveCfg = Debug|Any CPU
		{C51D1D09-6DA1-4CC8-C94B-35A7C973300D}.Debug|Any CPU.Build.0 = Debug|Any CPU
		{C51D1D09-6DA1-4CC8-C94B-35A7C973300D}.Release|Any CPU.ActiveCfg = Release|Any CPU
		{C51D1D09-6DA1-4CC8-C94B-35A7C973300D}.Release|Any CPU.Build.0 = Release|Any CPU
	EndGlobalSection
	GlobalSection(SolutionProperties) = preSolution
		HideSolutionNode = FALSE
	EndGlobalSection
EndGlobal
